{
  "object": {
    "pins": [
      {
        "package": "DjinniSupport",
        "repositoryURL": "https://github.com/UbiqueInnovation/djinni.git",
        "state": {
          "branch": null,
          "revision": "fa5599869ee330886f053db31bb724cd95a01500",
          "version": "1.0.1"
        }
      },
      {
        "package": "LayerGps",
        "repositoryURL": "https://github.com/openmobilemaps/layer-gps.git",
        "state": {
          "branch": "develop",
          "revision": "b49c772036e1c6a68708865119990371506c7a7a",
          "version": null
        }
      },
      {
        "package": "MapCore",
        "repositoryURL": "https://github.com/openmobilemaps/maps-core.git",
        "state": {
          "branch": "develop",
          "revision": "5238545ffe12fd1dbc2599392e720cfcf49cbbae",
          "version": null
        }
      },
      {
        "package": "UBKit",
        "repositoryURL": "https://github.com/UbiqueInnovation/ubkit-ios",
        "state": {
          "branch": null,
          "revision": "31f82e9cec073bb9c23d86a015a9f7f6bef773db",
          "version": "1.7.0"
        }
      }
    ]
  },
  "version": 1
}
