{
  "object": {
    "pins": [
      {
        "package": "DjinniSupport",
        "repositoryURL": "https://github.com/UbiqueInnovation/djinni.git",
        "state": {
          "branch": null,
          "revision": "f5591eee5bba0aa4aabf1d26de1baa1f61821edb",
          "version": "1.0.8"
        }
      },
      {
        "package": "LayerGps",
        "repositoryURL": "https://github.com/openmobilemaps/layer-gps.git",
        "state": {
          "branch": null,
          "revision": "2330be4efb128d0cf2e72ef9f3c16c2d2ae79703",
          "version": "2.6.2"
        }
      },
      {
        "package": "MapCore",
        "repositoryURL": "https://github.com/openmobilemaps/maps-core.git",
        "state": {
          "branch": null,
          "revision": "32258f1c173fe9f60d80863e51a0400967e40149",
          "version": "2.6.2"
        }
      },
      {
        "package": "UBKit",
        "repositoryURL": "https://github.com/UbiqueInnovation/ubkit-ios",
        "state": {
          "branch": null,
          "revision": "0afb74223a3c6abcedd7d2542fdef0549104726a",
          "version": "1.12.5"
        }
      }
    ]
  },
  "version": 1
}
