{
  "object": {
    "pins": [
      {
        "package": "DjinniSupport",
        "repositoryURL": "https://github.com/UbiqueInnovation/djinni.git",
        "state": {
          "branch": null,
          "revision": "01dd31c42ef00a63c839b6fd20cd4895903e0215",
          "version": "1.0.7"
        }
      },
      {
        "package": "LayerGps",
        "repositoryURL": "https://github.com/openmobilemaps/layer-gps.git",
        "state": {
          "branch": null,
          "revision": "d7cd4f85b768998c44b409467f7483938213f093",
          "version": "2.0.4"
        }
      },
      {
        "package": "MapCore",
        "repositoryURL": "https://github.com/openmobilemaps/maps-core.git",
        "state": {
          "branch": null,
          "revision": "b5a8c4f758fafcac477b41061e5cade06b50b0a0",
          "version": "2.0.4"
        }
      },
      {
        "package": "UBKit",
        "repositoryURL": "https://github.com/UbiqueInnovation/ubkit-ios",
        "state": {
          "branch": null,
          "revision": "f88275599ee706ca795bf72177c803470438cc28",
          "version": "1.9.4"
        }
      }
    ]
  },
  "version": 1
}
